Microsoft Visual Studio Solution File, Format Version 12.00
# Visual Studio Version 17
VisualStudioVersion = 17.5.2.0
MinimumVisualStudioVersion = 10.0.40219.1
Project("{FAE04EC0-301F-11D3-BF4B-00C04F79EFBC}") = "TimeTrackingApi", "TimeTrackingApi.csproj", "{5CBAFB9E-9DD0-C1A1-7645-57A2AAB17563}"
EndProject
Global
	GlobalSection(SolutionConfigurationPlatforms) = preSolution
		Debug|Any CPU = Debug|Any CPU
		Release|Any CPU = Release|Any CPU
	EndGlobalSection
	GlobalSection(ProjectConfigurationPlatforms) = postSolution
		{5CBAFB9E-9DD0-C1A1-7645-57A2AAB17563}.Debug|Any CPU.ActiveCfg = Debug|Any CPU
		{5CBAFB9E-9DD0-C1A1-7645-57A2AAB17563}.Debug|Any CPU.Build.0 = Debug|Any CPU
		{5CBAFB9E-9DD0-C1A1-7645-57A2AAB17563}.Release|Any CPU.ActiveCfg = Release|Any CPU
		{5CBAFB9E-9DD0-C1A1-7645-57A2AAB17563}.Release|Any CPU.Build.0 = Release|Any CPU
	EndGlobalSection
	GlobalSection(SolutionProperties) = preSolution
		HideSolutionNode = FALSE
	EndGlobalSection
	GlobalSection(ExtensibilityGlobals) = postSolution
		SolutionGuid = {37E69A44-9756-40ED-A9E0-6DA860ED8492}
	EndGlobalSection
EndGlobal
